
Microsoft Visual Studio Solution File, Format Version 12.00
# Visual Studio 14
VisualStudioVersion = 14.0.25123.0
MinimumVisualStudioVersion = 10.0.40219.1
Project("{FAE04EC0-301F-11D3-BF4B-00C04F79EFBC}") = "Mod23", "Mod23\Mod23.csproj", "{56D63233-4125-4161-AE43-E5ACE22B2ACF}"
EndProject
Global
	GlobalSection(SolutionConfigurationPlatforms) = preSolution
		Debug|Any CPU = Debug|Any CPU
		Debug|x86 = Debug|x86
		Release|Any CPU = Release|Any CPU
		Release|x86 = Release|x86
	EndGlobalSection
	GlobalSection(ProjectConfigurationPlatforms) = postSolution
		{56D63233-4125-4161-AE43-E5ACE22B2ACF}.Debug|Any CPU.ActiveCfg = Debug|Any CPU
		{56D63233-4125-4161-AE43-E5ACE22B2ACF}.Debug|Any CPU.Build.0 = Debug|Any CPU
		{56D63233-4125-4161-AE43-E5ACE22B2ACF}.Debug|x86.ActiveCfg = Debug|x86
		{56D63233-4125-4161-AE43-E5ACE22B2ACF}.Debug|x86.Build.0 = Debug|x86
		{56D63233-4125-4161-AE43-E5ACE22B2ACF}.Release|Any CPU.ActiveCfg = Release|Any CPU
		{56D63233-4125-4161-AE43-E5ACE22B2ACF}.Release|Any CPU.Build.0 = Release|Any CPU
		{56D63233-4125-4161-AE43-E5ACE22B2ACF}.Release|x86.ActiveCfg = Release|x86
		{56D63233-4125-4161-AE43-E5ACE22B2ACF}.Release|x86.Build.0 = Release|x86
	EndGlobalSection
	GlobalSection(SolutionProperties) = preSolution
		HideSolutionNode = FALSE
	EndGlobalSection
EndGlobal
